
Microsoft Visual Studio Solution File, Format Version 12.00
# Visual Studio Version 16
VisualStudioVersion = 16.0.30128.74
MinimumVisualStudioVersion = 10.0.40219.1
Project("{2150E333-8FDC-42A3-9474-1A3956D46DE8}") = "src", "src", "{0C61D796-0E02-47C1-82A9-705814F7FF40}"
EndProject
Project("{9A19103F-16F7-4668-BE54-9A1E7A4F7556}") = "EventBus.Abstractions", "EventBus.Abstractions\EventBus.Abstractions.csproj", "{02226CB1-ABF7-470F-B780-000980D55B80}"
EndProject
Global
	GlobalSection(SolutionConfigurationPlatforms) = preSolution
		Debug|Any CPU = Debug|Any CPU
		Release|Any CPU = Release|Any CPU
	EndGlobalSection
	GlobalSection(ProjectConfigurationPlatforms) = postSolution
		{02226CB1-ABF7-470F-B780-000980D55B80}.Debug|Any CPU.ActiveCfg = Debug|Any CPU
		{02226CB1-ABF7-470F-B780-000980D55B80}.Debug|Any CPU.Build.0 = Debug|Any CPU
		{02226CB1-ABF7-470F-B780-000980D55B80}.Release|Any CPU.ActiveCfg = Release|Any CPU
		{02226CB1-ABF7-470F-B780-000980D55B80}.Release|Any CPU.Build.0 = Release|Any CPU
	EndGlobalSection
	GlobalSection(SolutionProperties) = preSolution
		HideSolutionNode = FALSE
	EndGlobalSection
	GlobalSection(NestedProjects) = preSolution
		{02226CB1-ABF7-470F-B780-000980D55B80} = {0C61D796-0E02-47C1-82A9-705814F7FF40}
	EndGlobalSection
	GlobalSection(ExtensibilityGlobals) = postSolution
		SolutionGuid = {C6E2969A-B192-40B2-88ED-74712BCDF061}
	EndGlobalSection
EndGlobal
